
Microsoft Visual Studio Solution File, Format Version 12.00
# Visual Studio Version 17
VisualStudioVersion = 17.13.35919.96 d17.13
MinimumVisualStudioVersion = 10.0.40219.1
Project("{FAE04EC0-301F-11D3-BF4B-00C04F79EFBC}") = "ATA Cisco 187", "ATA Cisco 187\ATA Cisco 187.csproj", "{6C3DDE9A-17CE-4589-ACF2-7BA698688248}"
EndProject
Global
	GlobalSection(SolutionConfigurationPlatforms) = preSolution
		Debug|Any CPU = Debug|Any CPU
		Release|Any CPU = Release|Any CPU
	EndGlobalSection
	GlobalSection(ProjectConfigurationPlatforms) = postSolution
		{6C3DDE9A-17CE-4589-ACF2-7BA698688248}.Debug|Any CPU.ActiveCfg = Debug|Any CPU
		{6C3DDE9A-17CE-4589-ACF2-7BA698688248}.Debug|Any CPU.Build.0 = Debug|Any CPU
		{6C3DDE9A-17CE-4589-ACF2-7BA698688248}.Release|Any CPU.ActiveCfg = Release|Any CPU
		{6C3DDE9A-17CE-4589-ACF2-7BA698688248}.Release|Any CPU.Build.0 = Release|Any CPU
	EndGlobalSection
	GlobalSection(SolutionProperties) = preSolution
		HideSolutionNode = FALSE
	EndGlobalSection
	GlobalSection(ExtensibilityGlobals) = postSolution
		SolutionGuid = {3775C450-4FDA-4A42-AD88-2A29EF225F06}
	EndGlobalSection
EndGlobal
